# This file is automatically @generated by Cargo.
# It is not intended for manual editing.
version = 3

[[package]]
name = "ast-visitor-etc"
version = "0.1.0"

[[package]]
name = "binary-search-index"
version = "0.1.0"

[[package]]
name = "iter-freq"
version = "0.1.0"

[[package]]
name = "iter-to-arr"
version = "0.1.0"

[[package]]
name = "iter-with-last"
version = "0.1.0"

[[package]]
name = "leet"
version = "0.1.0"

[[package]]
name = "leet-binary-search"
version = "0.1.0"
dependencies = [
 "leet",
]

[[package]]
name = "multi-test"
version = "0.1.0"

[[package]]
name = "stack-overflow"
version = "0.1.0"

[[package]]
name = "string-builder"
version = "0.1.0"
